{
  "name": "JuanEnriqueLuciaexercise-collaborative-html-website",
  "lockfileVersion": 2,
  "requires": true,
  "packages": {
    "": {
      "dependencies": {
        "html-template-engine": "^0.0.5"
      }
    },
    "node_modules/html-template-engine": {
      "version": "0.0.5",
      "resolved": "https://registry.npmjs.org/html-template-engine/-/html-template-engine-0.0.5.tgz",
      "integrity": "sha512-5GrUQ0PNMzzTZir/Xqv1XN+KU/sGvOP+5+64u+6ag4yuP+eYUyzdddZLalhBG4iXkamfNWUg95W5o71m5y5bZw=="
    }
  },
  "dependencies": {
    "html-template-engine": {
      "version": "0.0.5",
      "resolved": "https://registry.npmjs.org/html-template-engine/-/html-template-engine-0.0.5.tgz",
      "integrity": "sha512-5GrUQ0PNMzzTZir/Xqv1XN+KU/sGvOP+5+64u+6ag4yuP+eYUyzdddZLalhBG4iXkamfNWUg95W5o71m5y5bZw=="
    }
  }
}
